
Microsoft Visual Studio Solution File, Format Version 12.00
# Visual Studio Version 17
VisualStudioVersion = 17.4.33122.133
MinimumVisualStudioVersion = 10.0.40219.1
Project("{8BC9CEB8-8B4A-11D0-8D11-00A0C91BC942}") = "L3", "L3\L3.vcxproj", "{87FC8D20-BDAA-4B57-B1D7-9E265456066E}"
EndProject
Global
	GlobalSection(SolutionConfigurationPlatforms) = preSolution
		Debug|x64 = Debug|x64
		Debug|x86 = Debug|x86
		Release|x64 = Release|x64
		Release|x86 = Release|x86
	EndGlobalSection
	GlobalSection(ProjectConfigurationPlatforms) = postSolution
		{87FC8D20-BDAA-4B57-B1D7-9E265456066E}.Debug|x64.ActiveCfg = Debug|x64
		{87FC8D20-BDAA-4B57-B1D7-9E265456066E}.Debug|x64.Build.0 = Debug|x64
		{87FC8D20-BDAA-4B57-B1D7-9E265456066E}.Debug|x86.ActiveCfg = Debug|Win32
		{87FC8D20-BDAA-4B57-B1D7-9E265456066E}.Debug|x86.Build.0 = Debug|Win32
		{87FC8D20-BDAA-4B57-B1D7-9E265456066E}.Release|x64.ActiveCfg = Release|x64
		{87FC8D20-BDAA-4B57-B1D7-9E265456066E}.Release|x64.Build.0 = Release|x64
		{87FC8D20-BDAA-4B57-B1D7-9E265456066E}.Release|x86.ActiveCfg = Release|Win32
		{87FC8D20-BDAA-4B57-B1D7-9E265456066E}.Release|x86.Build.0 = Release|Win32
	EndGlobalSection
	GlobalSection(SolutionProperties) = preSolution
		HideSolutionNode = FALSE
	EndGlobalSection
	GlobalSection(ExtensibilityGlobals) = postSolution
		SolutionGuid = {4FD6207C-023C-49F9-A19B-773D3606EE6B}
	EndGlobalSection
EndGlobal
